// !$*UTF8*$!
{
	archiveVersion = 1;
	classes = {
	};
	objectVersion = 50;
	objects = {

/* Begin PBXBuildFile section */
		630F71F224483F1F00B4A6E2 /* AppDelegate.swift in Sources */ = {isa = PBXBuildFile; fileRef = 630F71F124483F1F00B4A6E2 /* AppDelegate.swift */; };
		630F71F424483F1F00B4A6E2 /* SceneDelegate.swift in Sources */ = {isa = PBXBuildFile; fileRef = 630F71F324483F1F00B4A6E2 /* SceneDelegate.swift */; };
		630F71F624483F1F00B4A6E2 /* ViewController.swift in Sources */ = {isa = PBXBuildFile; fileRef = 630F71F524483F1F00B4A6E2 /* ViewController.swift */; };
		630F71FC24483F1F00B4A6E2 /* multipage.xcdatamodeld in Sources */ = {isa = PBXBuildFile; fileRef = 630F71FA24483F1F00B4A6E2 /* multipage.xcdatamodeld */; };
		630F71FE24483F2100B4A6E2 /* Assets.xcassets in Resources */ = {isa = PBXBuildFile; fileRef = 630F71FD24483F2100B4A6E2 /* Assets.xcassets */; };
		630F720124483F2100B4A6E2 /* LaunchScreen.storyboard in Resources */ = {isa = PBXBuildFile; fileRef = 630F71FF24483F2100B4A6E2 /* LaunchScreen.storyboard */; };
		630F72092448454300B4A6E2 /* EditViewController.swift in Sources */ = {isa = PBXBuildFile; fileRef = 630F72082448454300B4A6E2 /* EditViewController.swift */; };
		630F720C24484FE900B4A6E2 /* Main.storyboard in Resources */ = {isa = PBXBuildFile; fileRef = 630F720A24484FE800B4A6E2 /* Main.storyboard */; };
		630F72102449470E00B4A6E2 /* SettingsViewController.swift in Sources */ = {isa = PBXBuildFile; fileRef = 630F720F2449470E00B4A6E2 /* SettingsViewController.swift */; };
		6367146824496E4900352D34 /* ym.png in Resources */ = {isa = PBXBuildFile; fileRef = 6367146724496E4900352D34 /* ym.png */; };
		63AF67BB244D2EA9007380C2 /* SettingColorViewController.swift in Sources */ = {isa = PBXBuildFile; fileRef = 63AF67BA244D2EA9007380C2 /* SettingColorViewController.swift */; };
		63AF67BD244DA08D007380C2 /* SettingSizeViewController.swift in Sources */ = {isa = PBXBuildFile; fileRef = 63AF67BC244DA08D007380C2 /* SettingSizeViewController.swift */; };
		63B8949724511B6000F79841 /* DataController.swift in Sources */ = {isa = PBXBuildFile; fileRef = 63B8949624511B6000F79841 /* DataController.swift */; };
		63DC9B592456A5CC0054166B /* UIColorExtension.swift in Sources */ = {isa = PBXBuildFile; fileRef = 63DC9B582456A5CC0054166B /* UIColorExtension.swift */; };
/* End PBXBuildFile section */

/* Begin PBXFileReference section */
		630F71EE24483F1F00B4A6E2 /* multipage.app */ = {isa = PBXFileReference; explicitFileType = wrapper.application; includeInIndex = 0; path = multipage.app; sourceTree = BUILT_PRODUCTS_DIR; };
		630F71F124483F1F00B4A6E2 /* AppDelegate.swift */ = {isa = PBXFileReference; lastKnownFileType = sourcecode.swift; path = AppDelegate.swift; sourceTree = "<group>"; };
		630F71F324483F1F00B4A6E2 /* SceneDelegate.swift */ = {isa = PBXFileReference; lastKnownFileType = sourcecode.swift; path = SceneDelegate.swift; sourceTree = "<group>"; };
		630F71F524483F1F00B4A6E2 /* ViewController.swift */ = {isa = PBXFileReference; lastKnownFileType = sourcecode.swift; path = ViewController.swift; sourceTree = "<group>"; };
		630F71FB24483F1F00B4A6E2 /* multipage.xcdatamodel */ = {isa = PBXFileReference; lastKnownFileType = wrapper.xcdatamodel; path = multipage.xcdatamodel; sourceTree = "<group>"; };
		630F71FD24483F2100B4A6E2 /* Assets.xcassets */ = {isa = PBXFileReference; lastKnownFileType = folder.assetcatalog; path = Assets.xcassets; sourceTree = "<group>"; };
		630F720024483F2100B4A6E2 /* Base */ = {isa = PBXFileReference; lastKnownFileType = file.storyboard; name = Base; path = Base.lproj/LaunchScreen.storyboard; sourceTree = "<group>"; };
		630F720224483F2100B4A6E2 /* Info.plist */ = {isa = PBXFileReference; lastKnownFileType = text.plist.xml; path = Info.plist; sourceTree = "<group>"; };
		630F72082448454300B4A6E2 /* EditViewController.swift */ = {isa = PBXFileReference; lastKnownFileType = sourcecode.swift; path = EditViewController.swift; sourceTree = "<group>"; };
		630F720B24484FE900B4A6E2 /* Base */ = {isa = PBXFileReference; lastKnownFileType = file.storyboard; name = Base; path = Base.lproj/Main.storyboard; sourceTree = "<group>"; };
		630F720F2449470E00B4A6E2 /* SettingsViewController.swift */ = {isa = PBXFileReference; lastKnownFileType = sourcecode.swift; name = SettingsViewController.swift; path = /Users/yinoue/tmp/apps/multipage/multipage/SettingsViewController.swift; sourceTree = "<absolute>"; };
		6367146724496E4900352D34 /* ym.png */ = {isa = PBXFileReference; lastKnownFileType = image.png; name = ym.png; path = Assets.xcassets/ym.png; sourceTree = "<group>"; };
		63AF67BA244D2EA9007380C2 /* SettingColorViewController.swift */ = {isa = PBXFileReference; lastKnownFileType = sourcecode.swift; path = SettingColorViewController.swift; sourceTree = "<group>"; };
		63AF67BC244DA08D007380C2 /* SettingSizeViewController.swift */ = {isa = PBXFileReference; lastKnownFileType = sourcecode.swift; path = SettingSizeViewController.swift; sourceTree = "<group>"; };
		63B8949624511B6000F79841 /* DataController.swift */ = {isa = PBXFileReference; lastKnownFileType = sourcecode.swift; path = DataController.swift; sourceTree = "<group>"; };
		63DC9B582456A5CC0054166B /* UIColorExtension.swift */ = {isa = PBXFileReference; lastKnownFileType = sourcecode.swift; path = UIColorExtension.swift; sourceTree = "<group>"; };
/* End PBXFileReference section */

/* Begin PBXFrameworksBuildPhase section */
		630F71EB24483F1F00B4A6E2 /* Frameworks */ = {
			isa = PBXFrameworksBuildPhase;
			buildActionMask = 2147483647;
			files = (
			);
			runOnlyForDeploymentPostprocessing = 0;
		};
/* End PBXFrameworksBuildPhase section */

/* Begin PBXGroup section */
		630F71E524483F1F00B4A6E2 = {
			isa = PBXGroup;
			children = (
				630F71F024483F1F00B4A6E2 /* multipage */,
				630F71EF24483F1F00B4A6E2 /* Products */,
			);
			sourceTree = "<group>";
		};
		630F71EF24483F1F00B4A6E2 /* Products */ = {
			isa = PBXGroup;
			children = (
				630F71EE24483F1F00B4A6E2 /* multipage.app */,
			);
			name = Products;
			sourceTree = "<group>";
		};
		630F71F024483F1F00B4A6E2 /* multipage */ = {
			isa = PBXGroup;
			children = (
				630F71F124483F1F00B4A6E2 /* AppDelegate.swift */,
				63B8949624511B6000F79841 /* DataController.swift */,
				630F71F324483F1F00B4A6E2 /* SceneDelegate.swift */,
				630F71FD24483F2100B4A6E2 /* Assets.xcassets */,
				6367146724496E4900352D34 /* ym.png */,
				630F720A24484FE800B4A6E2 /* Main.storyboard */,
				630F71FF24483F2100B4A6E2 /* LaunchScreen.storyboard */,
				630F71F524483F1F00B4A6E2 /* ViewController.swift */,
				630F72082448454300B4A6E2 /* EditViewController.swift */,
				630F720F2449470E00B4A6E2 /* SettingsViewController.swift */,
				63AF67BA244D2EA9007380C2 /* SettingColorViewController.swift */,
				63AF67BC244DA08D007380C2 /* SettingSizeViewController.swift */,
				630F720224483F2100B4A6E2 /* Info.plist */,
				630F71FA24483F1F00B4A6E2 /* multipage.xcdatamodeld */,
				63DC9B582456A5CC0054166B /* UIColorExtension.swift */,
			);
			path = multipage;
			sourceTree = "<group>";
		};
/* End PBXGroup section */

/* Begin PBXNativeTarget section */
		630F71ED24483F1F00B4A6E2 /* multipage */ = {
			isa = PBXNativeTarget;
			buildConfigurationList = 630F720524483F2100B4A6E2 /* Build configuration list for PBXNativeTarget "multipage" */;
			buildPhases = (
				630F71EA24483F1F00B4A6E2 /* Sources */,
				630F71EB24483F1F00B4A6E2 /* Frameworks */,
				630F71EC24483F1F00B4A6E2 /* Resources */,
			);
			buildRules = (
			);
			dependencies = (
			);
			name = multipage;
			productName = multipage;
			productReference = 630F71EE24483F1F00B4A6E2 /* multipage.app */;
			productType = "com.apple.product-type.application";
		};
/* End PBXNativeTarget section */

/* Begin PBXProject section */
		630F71E624483F1F00B4A6E2 /* Project object */ = {
			isa = PBXProject;
			attributes = {
				LastSwiftUpdateCheck = 1140;
				LastUpgradeCheck = 1140;
				ORGANIZATIONNAME = "井上義章";
				TargetAttributes = {
					630F71ED24483F1F00B4A6E2 = {
						CreatedOnToolsVersion = 11.4;
					};
				};
			};
			buildConfigurationList = 630F71E924483F1F00B4A6E2 /* Build configuration list for PBXProject "multipage" */;
			compatibilityVersion = "Xcode 9.3";
			developmentRegion = en;
			hasScannedForEncodings = 0;
			knownRegions = (
				en,
				Base,
			);
			mainGroup = 630F71E524483F1F00B4A6E2;
			productRefGroup = 630F71EF24483F1F00B4A6E2 /* Products */;
			projectDirPath = "";
			projectRoot = "";
			targets = (
				630F71ED24483F1F00B4A6E2 /* multipage */,
			);
		};
/* End PBXProject section */

/* Begin PBXResourcesBuildPhase section */
		630F71EC24483F1F00B4A6E2 /* Resources */ = {
			isa = PBXResourcesBuildPhase;
			buildActionMask = 2147483647;
			files = (
				630F720C24484FE900B4A6E2 /* Main.storyboard in Resources */,
				630F720124483F2100B4A6E2 /* LaunchScreen.storyboard in Resources */,
				630F71FE24483F2100B4A6E2 /* Assets.xcassets in Resources */,
				6367146824496E4900352D34 /* ym.png in Resources */,
			);
			runOnlyForDeploymentPostprocessing = 0;
		};
/* End PBXResourcesBuildPhase section */

/* Begin PBXSourcesBuildPhase section */
		630F71EA24483F1F00B4A6E2 /* Sources */ = {
			isa = PBXSourcesBuildPhase;
			buildActionMask = 2147483647;
			files = (
				63AF67BD244DA08D007380C2 /* SettingSizeViewController.swift in Sources */,
				630F72092448454300B4A6E2 /* EditViewController.swift in Sources */,
				630F71F624483F1F00B4A6E2 /* ViewController.swift in Sources */,
				630F71F224483F1F00B4A6E2 /* AppDelegate.swift in Sources */,
				63B8949724511B6000F79841 /* DataController.swift in Sources */,
				630F71FC24483F1F00B4A6E2 /* multipage.xcdatamodeld in Sources */,
				630F71F424483F1F00B4A6E2 /* SceneDelegate.swift in Sources */,
				63AF67BB244D2EA9007380C2 /* SettingColorViewController.swift in Sources */,
				630F72102449470E00B4A6E2 /* SettingsViewController.swift in Sources */,
				63DC9B592456A5CC0054166B /* UIColorExtension.swift in Sources */,
			);
			runOnlyForDeploymentPostprocessing = 0;
		};
/* End PBXSourcesBuildPhase section */

/* Begin PBXVariantGroup section */
		630F71FF24483F2100B4A6E2 /* LaunchScreen.storyboard */ = {
			isa = PBXVariantGroup;
			children = (
				630F720024483F2100B4A6E2 /* Base */,
			);
			name = LaunchScreen.storyboard;
			sourceTree = "<group>";
		};
		630F720A24484FE800B4A6E2 /* Main.storyboard */ = {
			isa = PBXVariantGroup;
			children = (
				630F720B24484FE900B4A6E2 /* Base */,
			);
			name = Main.storyboard;
			sourceTree = "<group>";
		};
/* End PBXVariantGroup section */

/* Begin XCBuildConfiguration section */
		630F720324483F2100B4A6E2 /* Debug */ = {
			isa = XCBuildConfiguration;
			buildSettings = {
				ALWAYS_SEARCH_USER_PATHS = NO;
				CLANG_ANALYZER_NONNULL = YES;
				CLANG_ANALYZER_NUMBER_OBJECT_CONVERSION = YES_AGGRESSIVE;
				CLANG_CXX_LANGUAGE_STANDARD = "gnu++14";
				CLANG_CXX_LIBRARY = "libc++";
				CLANG_ENABLE_MODULES = YES;
				CLANG_ENABLE_OBJC_ARC = YES;
				CLANG_ENABLE_OBJC_WEAK = YES;
				CLANG_WARN_BLOCK_CAPTURE_AUTORELEASING = YES;
				CLANG_WARN_BOOL_CONVERSION = YES;
				CLANG_WARN_COMMA = YES;
				CLANG_WARN_CONSTANT_CONVERSION = YES;
				CLANG_WARN_DEPRECATED_OBJC_IMPLEMENTATIONS = YES;
				CLANG_WARN_DIRECT_OBJC_ISA_USAGE = YES_ERROR;
				CLANG_WARN_DOCUMENTATION_COMMENTS = YES;
				CLANG_WARN_EMPTY_BODY = YES;
				CLANG_WARN_ENUM_CONVERSION = YES;
				CLANG_WARN_INFINITE_RECURSION = YES;
				CLANG_WARN_INT_CONVERSION = YES;
				CLANG_WARN_NON_LITERAL_NULL_CONVERSION = YES;
				CLANG_WARN_OBJC_IMPLICIT_RETAIN_SELF = YES;
				CLANG_WARN_OBJC_LITERAL_CONVERSION = YES;
				CLANG_WARN_OBJC_ROOT_CLASS = YES_ERROR;
				CLANG_WARN_RANGE_LOOP_ANALYSIS = YES;
				CLANG_WARN_STRICT_PROTOTYPES = YES;
				CLANG_WARN_SUSPICIOUS_MOVE = YES;
				CLANG_WARN_UNGUARDED_AVAILABILITY = YES_AGGRESSIVE;
				CLANG_WARN_UNREACHABLE_CODE = YES;
				CLANG_WARN__DUPLICATE_METHOD_MATCH = YES;
				COPY_PHASE_STRIP = NO;
				DEBUG_INFORMATION_FORMAT = dwarf;
				ENABLE_STRICT_OBJC_MSGSEND = YES;
				ENABLE_TESTABILITY = YES;
				GCC_C_LANGUAGE_STANDARD = gnu11;
				GCC_DYNAMIC_NO_PIC = NO;
				GCC_NO_COMMON_BLOCKS = YES;
				GCC_OPTIMIZATION_LEVEL = 0;
				GCC_PREPROCESSOR_DEFINITIONS = (
					"DEBUG=1",
					"$(inherited)",
				);
				GCC_WARN_64_TO_32_BIT_CONVERSION = YES;
				GCC_WARN_ABOUT_RETURN_TYPE = YES_ERROR;
				GCC_WARN_UNDECLARED_SELECTOR = YES;
				GCC_WARN_UNINITIALIZED_AUTOS = YES_AGGRESSIVE;
				GCC_WARN_UNUSED_FUNCTION = YES;
				GCC_WARN_UNUSED_VARIABLE = YES;
				IPHONEOS_DEPLOYMENT_TARGET = 13.4;
				MTL_ENABLE_DEBUG_INFO = INCLUDE_SOURCE;
				MTL_FAST_MATH = YES;
				ONLY_ACTIVE_ARCH = YES;
				SDKROOT = iphoneos;
				SWIFT_ACTIVE_COMPILATION_CONDITIONS = DEBUG;
				SWIFT_OPTIMIZATION_LEVEL = "-Onone";
			};
			name = Debug;
		};
		630F720424483F2100B4A6E2 /* Release */ = {
			isa = XCBuildConfiguration;
			buildSettings = {
				ALWAYS_SEARCH_USER_PATHS = NO;
				CLANG_ANALYZER_NONNULL = YES;
				CLANG_ANALYZER_NUMBER_OBJECT_CONVERSION = YES_AGGRESSIVE;
				CLANG_CXX_LANGUAGE_STANDARD = "gnu++14";
				CLANG_CXX_LIBRARY = "libc++";
				CLANG_ENABLE_MODULES = YES;
				CLANG_ENABLE_OBJC_ARC = YES;
				CLANG_ENABLE_OBJC_WEAK = YES;
				CLANG_WARN_BLOCK_CAPTURE_AUTORELEASING = YES;
				CLANG_WARN_BOOL_CONVERSION = YES;
				CLANG_WARN_COMMA = YES;
				CLANG_WARN_CONSTANT_CONVERSION = YES;
				CLANG_WARN_DEPRECATED_OBJC_IMPLEMENTATIONS = YES;
				CLANG_WARN_DIRECT_OBJC_ISA_USAGE = YES_ERROR;
				CLANG_WARN_DOCUMENTATION_COMMENTS = YES;
				CLANG_WARN_EMPTY_BODY = YES;
				CLANG_WARN_ENUM_CONVERSION = YES;
				CLANG_WARN_INFINITE_RECURSION = YES;
				CLANG_WARN_INT_CONVERSION = YES;
				CLANG_WARN_NON_LITERAL_NULL_CONVERSION = YES;
				CLANG_WARN_OBJC_IMPLICIT_RETAIN_SELF = YES;
				CLANG_WARN_OBJC_LITERAL_CONVERSION = YES;
				CLANG_WARN_OBJC_ROOT_CLASS = YES_ERROR;
				CLANG_WARN_RANGE_LOOP_ANALYSIS = YES;
				CLANG_WARN_STRICT_PROTOTYPES = YES;
				CLANG_WARN_SUSPICIOUS_MOVE = YES;
				CLANG_WARN_UNGUARDED_AVAILABILITY = YES_AGGRESSIVE;
				CLANG_WARN_UNREACHABLE_CODE = YES;
				CLANG_WARN__DUPLICATE_METHOD_MATCH = YES;
				COPY_PHASE_STRIP = NO;
				DEBUG_INFORMATION_FORMAT = "dwarf-with-dsym";
				ENABLE_NS_ASSERTIONS = NO;
				ENABLE_STRICT_OBJC_MSGSEND = YES;
				GCC_C_LANGUAGE_STANDARD = gnu11;
				GCC_NO_COMMON_BLOCKS = YES;
				GCC_WARN_64_TO_32_BIT_CONVERSION = YES;
				GCC_WARN_ABOUT_RETURN_TYPE = YES_ERROR;
				GCC_WARN_UNDECLARED_SELECTOR = YES;
				GCC_WARN_UNINITIALIZED_AUTOS = YES_AGGRESSIVE;
				GCC_WARN_UNUSED_FUNCTION = YES;
				GCC_WARN_UNUSED_VARIABLE = YES;
				IPHONEOS_DEPLOYMENT_TARGET = 13.4;
				MTL_ENABLE_DEBUG_INFO = NO;
				MTL_FAST_MATH = YES;
				SDKROOT = iphoneos;
				SWIFT_COMPILATION_MODE = wholemodule;
				SWIFT_OPTIMIZATION_LEVEL = "-O";
				VALIDATE_PRODUCT = YES;
			};
			name = Release;
		};
		630F720624483F2100B4A6E2 /* Debug */ = {
			isa = XCBuildConfiguration;
			buildSettings = {
				ASSETCATALOG_COMPILER_APPICON_NAME = AppIcon;
				CODE_SIGN_STYLE = Automatic;
				DEVELOPMENT_TEAM = QU47X7R27X;
				INFOPLIST_FILE = multipage/Info.plist;
				LD_RUNPATH_SEARCH_PATHS = (
					"$(inherited)",
					"@executable_path/Frameworks",
				);
				PRODUCT_BUNDLE_IDENTIFIER = YM.multipage;
				PRODUCT_NAME = "$(TARGET_NAME)";
				SWIFT_VERSION = 5.0;
				TARGETED_DEVICE_FAMILY = "1,2";
			};
			name = Debug;
		};
		630F720724483F2100B4A6E2 /* Release */ = {
			isa = XCBuildConfiguration;
			buildSettings = {
				ASSETCATALOG_COMPILER_APPICON_NAME = AppIcon;
				CODE_SIGN_STYLE = Automatic;
				DEVELOPMENT_TEAM = QU47X7R27X;
				INFOPLIST_FILE = multipage/Info.plist;
				LD_RUNPATH_SEARCH_PATHS = (
					"$(inherited)",
					"@executable_path/Frameworks",
				);
				PRODUCT_BUNDLE_IDENTIFIER = YM.multipage;
				PRODUCT_NAME = "$(TARGET_NAME)";
				SWIFT_VERSION = 5.0;
				TARGETED_DEVICE_FAMILY = "1,2";
			};
			name = Release;
		};
/* End XCBuildConfiguration section */

/* Begin XCConfigurationList section */
		630F71E924483F1F00B4A6E2 /* Build configuration list for PBXProject "multipage" */ = {
			isa = XCConfigurationList;
			buildConfigurations = (
				630F720324483F2100B4A6E2 /* Debug */,
				630F720424483F2100B4A6E2 /* Release */,
			);
			defaultConfigurationIsVisible = 0;
			defaultConfigurationName = Release;
		};
		630F720524483F2100B4A6E2 /* Build configuration list for PBXNativeTarget "multipage" */ = {
			isa = XCConfigurationList;
			buildConfigurations = (
				630F720624483F2100B4A6E2 /* Debug */,
				630F720724483F2100B4A6E2 /* Release */,
			);
			defaultConfigurationIsVisible = 0;
			defaultConfigurationName = Release;
		};
/* End XCConfigurationList section */

/* Begin XCVersionGroup section */
		630F71FA24483F1F00B4A6E2 /* multipage.xcdatamodeld */ = {
			isa = XCVersionGroup;
			children = (
				630F71FB24483F1F00B4A6E2 /* multipage.xcdatamodel */,
			);
			currentVersion = 630F71FB24483F1F00B4A6E2 /* multipage.xcdatamodel */;
			path = multipage.xcdatamodeld;
			sourceTree = "<group>";
			versionGroupType = wrapper.xcdatamodel;
		};
/* End XCVersionGroup section */
	};
	rootObject = 630F71E624483F1F00B4A6E2 /* Project object */;
}
